
Microsoft Visual Studio Solution File, Format Version 12.00
# Visual Studio Version 16
VisualStudioVersion = 16.0.31727.386
MinimumVisualStudioVersion = 10.0.40219.1
Project("{9A19103F-16F7-4668-BE54-9A1E7A4F7556}") = "B4RX63_HFT_2021221.Client", "B4RX63_HFT_2021221.Client\B4RX63_HFT_2021221.Client.csproj", "{82753C1B-6571-41B3-B7AD-64C67A71064B}"
EndProject
Project("{9A19103F-16F7-4668-BE54-9A1E7A4F7556}") = "B4RX63_HFT_2021221.Models", "B4RX63_HFT_2021221.Models\B4RX63_HFT_2021221.Models.csproj", "{2F4D48F1-5BCB-43F3-9CE6-04B17B109859}"
EndProject
Project("{9A19103F-16F7-4668-BE54-9A1E7A4F7556}") = "B4RX63_HFT_2021221.Data", "B4RX63_HFT_2021221.Data\B4RX63_HFT_2021221.Data.csproj", "{A41A1676-C43B-4BF4-AD2E-050C04C64D3A}"
EndProject
Project("{9A19103F-16F7-4668-BE54-9A1E7A4F7556}") = "B4RX63_HFT_2021221.Logic", "B4RX63_HFT_2021221.Logic\B4RX63_HFT_2021221.Logic.csproj", "{45EDD1FE-A3BB-43E1-B155-21B4DF952E9B}"
EndProject
Project("{9A19103F-16F7-4668-BE54-9A1E7A4F7556}") = "B4RX63_HFT_2021221.Repository", "B4RX63_HFT_2021221.Repository\B4RX63_HFT_2021221.Repository.csproj", "{B325D3C1-FE1C-4953-B4C1-013B2D745873}"
EndProject
Project("{9A19103F-16F7-4668-BE54-9A1E7A4F7556}") = "B4RX63_HFT_2021221.Endpoint", "B4RX63_HFT_2021221.Endpoint\B4RX63_HFT_2021221.Endpoint.csproj", "{9D0E7F99-9B12-4473-B6BA-1134C0F03A0B}"
EndProject
Project("{9A19103F-16F7-4668-BE54-9A1E7A4F7556}") = "B4RX63_HFT_2021221.Test", "B4RX63_HFT_2021221.Test\B4RX63_HFT_2021221.Test.csproj", "{916A4CA9-6003-4734-BF05-F891FE2CF380}"
EndProject
Project("{2150E333-8FDC-42A3-9474-1A3956D46DE8}") = "Backend", "Backend", "{E2F76C98-DE07-439F-A9D1-A6DD6CBD959D}"
EndProject
Project("{2150E333-8FDC-42A3-9474-1A3956D46DE8}") = "Frontend", "Frontend", "{C13DDDA1-4795-4662-84C5-F7F022388A8C}"
EndProject
Project("{2150E333-8FDC-42A3-9474-1A3956D46DE8}") = "Shared", "Shared", "{39494FB4-2698-4D63-B3EE-2AF217EE02E8}"
EndProject
Project("{2150E333-8FDC-42A3-9474-1A3956D46DE8}") = "Others", "Others", "{510A0D70-C952-437A-81C7-A0C3B8DD216D}"
	ProjectSection(SolutionItems) = preProject
		.gitignore = .gitignore
	EndProjectSection
EndProject
Global
	GlobalSection(SolutionConfigurationPlatforms) = preSolution
		Debug|Any CPU = Debug|Any CPU
		Release|Any CPU = Release|Any CPU
	EndGlobalSection
	GlobalSection(ProjectConfigurationPlatforms) = postSolution
		{82753C1B-6571-41B3-B7AD-64C67A71064B}.Debug|Any CPU.ActiveCfg = Debug|Any CPU
		{82753C1B-6571-41B3-B7AD-64C67A71064B}.Debug|Any CPU.Build.0 = Debug|Any CPU
		{82753C1B-6571-41B3-B7AD-64C67A71064B}.Release|Any CPU.ActiveCfg = Release|Any CPU
		{82753C1B-6571-41B3-B7AD-64C67A71064B}.Release|Any CPU.Build.0 = Release|Any CPU
		{2F4D48F1-5BCB-43F3-9CE6-04B17B109859}.Debug|Any CPU.ActiveCfg = Debug|Any CPU
		{2F4D48F1-5BCB-43F3-9CE6-04B17B109859}.Debug|Any CPU.Build.0 = Debug|Any CPU
		{2F4D48F1-5BCB-43F3-9CE6-04B17B109859}.Release|Any CPU.ActiveCfg = Release|Any CPU
		{2F4D48F1-5BCB-43F3-9CE6-04B17B109859}.Release|Any CPU.Build.0 = Release|Any CPU
		{A41A1676-C43B-4BF4-AD2E-050C04C64D3A}.Debug|Any CPU.ActiveCfg = Debug|Any CPU
		{A41A1676-C43B-4BF4-AD2E-050C04C64D3A}.Debug|Any CPU.Build.0 = Debug|Any CPU
		{A41A1676-C43B-4BF4-AD2E-050C04C64D3A}.Release|Any CPU.ActiveCfg = Release|Any CPU
		{A41A1676-C43B-4BF4-AD2E-050C04C64D3A}.Release|Any CPU.Build.0 = Release|Any CPU
		{45EDD1FE-A3BB-43E1-B155-21B4DF952E9B}.Debug|Any CPU.ActiveCfg = Debug|Any CPU
		{45EDD1FE-A3BB-43E1-B155-21B4DF952E9B}.Debug|Any CPU.Build.0 = Debug|Any CPU
		{45EDD1FE-A3BB-43E1-B155-21B4DF952E9B}.Release|Any CPU.ActiveCfg = Release|Any CPU
		{45EDD1FE-A3BB-43E1-B155-21B4DF952E9B}.Release|Any CPU.Build.0 = Release|Any CPU
		{B325D3C1-FE1C-4953-B4C1-013B2D745873}.Debug|Any CPU.ActiveCfg = Debug|Any CPU
		{B325D3C1-FE1C-4953-B4C1-013B2D745873}.Debug|Any CPU.Build.0 = Debug|Any CPU
		{B325D3C1-FE1C-4953-B4C1-013B2D745873}.Release|Any CPU.ActiveCfg = Release|Any CPU
		{B325D3C1-FE1C-4953-B4C1-013B2D745873}.Release|Any CPU.Build.0 = Release|Any CPU
		{9D0E7F99-9B12-4473-B6BA-1134C0F03A0B}.Debug|Any CPU.ActiveCfg = Debug|Any CPU
		{9D0E7F99-9B12-4473-B6BA-1134C0F03A0B}.Debug|Any CPU.Build.0 = Debug|Any CPU
		{9D0E7F99-9B12-4473-B6BA-1134C0F03A0B}.Release|Any CPU.ActiveCfg = Release|Any CPU
		{9D0E7F99-9B12-4473-B6BA-1134C0F03A0B}.Release|Any CPU.Build.0 = Release|Any CPU
		{916A4CA9-6003-4734-BF05-F891FE2CF380}.Debug|Any CPU.ActiveCfg = Debug|Any CPU
		{916A4CA9-6003-4734-BF05-F891FE2CF380}.Debug|Any CPU.Build.0 = Debug|Any CPU
		{916A4CA9-6003-4734-BF05-F891FE2CF380}.Release|Any CPU.ActiveCfg = Release|Any CPU
		{916A4CA9-6003-4734-BF05-F891FE2CF380}.Release|Any CPU.Build.0 = Release|Any CPU
	EndGlobalSection
	GlobalSection(SolutionProperties) = preSolution
		HideSolutionNode = FALSE
	EndGlobalSection
	GlobalSection(NestedProjects) = preSolution
		{82753C1B-6571-41B3-B7AD-64C67A71064B} = {C13DDDA1-4795-4662-84C5-F7F022388A8C}
		{2F4D48F1-5BCB-43F3-9CE6-04B17B109859} = {39494FB4-2698-4D63-B3EE-2AF217EE02E8}
		{A41A1676-C43B-4BF4-AD2E-050C04C64D3A} = {E2F76C98-DE07-439F-A9D1-A6DD6CBD959D}
		{45EDD1FE-A3BB-43E1-B155-21B4DF952E9B} = {E2F76C98-DE07-439F-A9D1-A6DD6CBD959D}
		{B325D3C1-FE1C-4953-B4C1-013B2D745873} = {E2F76C98-DE07-439F-A9D1-A6DD6CBD959D}
		{9D0E7F99-9B12-4473-B6BA-1134C0F03A0B} = {E2F76C98-DE07-439F-A9D1-A6DD6CBD959D}
		{916A4CA9-6003-4734-BF05-F891FE2CF380} = {E2F76C98-DE07-439F-A9D1-A6DD6CBD959D}
	EndGlobalSection
	GlobalSection(ExtensibilityGlobals) = postSolution
		SolutionGuid = {8C590940-BA04-4D00-8616-C5D9015196B5}
	EndGlobalSection
EndGlobal
